
Microsoft Visual Studio Solution File, Format Version 12.00
# Visual Studio Version 17
VisualStudioVersion = 17.7.34031.279
MinimumVisualStudioVersion = 10.0.40219.1
Project("{FAE04EC0-301F-11D3-BF4B-00C04F79EFBC}") = "LibraryASP", "LibraryASP\LibraryASP.csproj", "{8268A4FE-CB21-4A63-B55C-95F76BF51638}"
EndProject
Global
	GlobalSection(SolutionConfigurationPlatforms) = preSolution
		Debug|Any CPU = Debug|Any CPU
		Release|Any CPU = Release|Any CPU
	EndGlobalSection
	GlobalSection(ProjectConfigurationPlatforms) = postSolution
		{8268A4FE-CB21-4A63-B55C-95F76BF51638}.Debug|Any CPU.ActiveCfg = Debug|Any CPU
		{8268A4FE-CB21-4A63-B55C-95F76BF51638}.Debug|Any CPU.Build.0 = Debug|Any CPU
		{8268A4FE-CB21-4A63-B55C-95F76BF51638}.Release|Any CPU.ActiveCfg = Release|Any CPU
		{8268A4FE-CB21-4A63-B55C-95F76BF51638}.Release|Any CPU.Build.0 = Release|Any CPU
	EndGlobalSection
	GlobalSection(SolutionProperties) = preSolution
		HideSolutionNode = FALSE
	EndGlobalSection
	GlobalSection(ExtensibilityGlobals) = postSolution
		SolutionGuid = {9392A512-D1A2-4330-9207-231DAFB02886}
	EndGlobalSection
EndGlobal
